
Microsoft Visual Studio Solution File, Format Version 12.00
# Visual Studio Version 17
VisualStudioVersion = 17.0.32112.339
MinimumVisualStudioVersion = 10.0.40219.1
Project("{FAE04EC0-301F-11D3-BF4B-00C04F79EFBC}") = "CRUDNETBDD", "CRUDNETBDD.csproj", "{C19A37DE-E8ED-4121-B651-36F5EF7001AF}"
EndProject
Project("{2150E333-8FDC-42A3-9474-1A3956D46DE8}") = "NewFolder1", "NewFolder1", "{822D375A-1C77-4862-8E7C-DFEACF6899BF}"
EndProject
Global
	GlobalSection(SolutionConfigurationPlatforms) = preSolution
		Debug|Any CPU = Debug|Any CPU
		Release|Any CPU = Release|Any CPU
	EndGlobalSection
	GlobalSection(ProjectConfigurationPlatforms) = postSolution
		{C19A37DE-E8ED-4121-B651-36F5EF7001AF}.Debug|Any CPU.ActiveCfg = Debug|Any CPU
		{C19A37DE-E8ED-4121-B651-36F5EF7001AF}.Debug|Any CPU.Build.0 = Debug|Any CPU
		{C19A37DE-E8ED-4121-B651-36F5EF7001AF}.Release|Any CPU.ActiveCfg = Release|Any CPU
		{C19A37DE-E8ED-4121-B651-36F5EF7001AF}.Release|Any CPU.Build.0 = Release|Any CPU
	EndGlobalSection
	GlobalSection(SolutionProperties) = preSolution
		HideSolutionNode = FALSE
	EndGlobalSection
	GlobalSection(ExtensibilityGlobals) = postSolution
		SolutionGuid = {7F7AD54C-FB11-4C98-9C96-81B0918BF269}
	EndGlobalSection
EndGlobal
